
Microsoft Visual Studio Solution File, Format Version 12.00
# Visual Studio Version 16
VisualStudioVersion = 16.0.30320.27
MinimumVisualStudioVersion = 10.0.40219.1
Project("{FAE04EC0-301F-11D3-BF4B-00C04F79EFBC}") = "ConsoleApp1", "ConsoleApp1\ConsoleApp1.csproj", "{BC287675-BB87-4AC9-BEA5-7123CDF8A637}"
EndProject
Project("{FAE04EC0-301F-11D3-BF4B-00C04F79EFBC}") = "UnitTestProject", "UnitTestProject\UnitTestProject.csproj", "{ABF3B766-108B-4AE6-9F44-0F1A6BDF871C}"
EndProject
Project("{FAE04EC0-301F-11D3-BF4B-00C04F79EFBC}") = "WebDriverG3", "WebDriverG3\WebDriverG3.csproj", "{79E090A9-2A3B-4CE3-AAC2-065E073E538A}"
EndProject
Project("{9A19103F-16F7-4668-BE54-9A1E7A4F7556}") = "WebDriver321", "WebDriver\WebDriver321.csproj", "{0ED72344-CD0F-4C20-A13E-F4F87BC3B782}"
EndProject
Project("{FAE04EC0-301F-11D3-BF4B-00C04F79EFBC}") = "BDD", "BDD\BDD.csproj", "{BA0B8C2E-BBDE-425E-8C0D-9DE91B263638}"
EndProject
Project("{FAE04EC0-301F-11D3-BF4B-00C04F79EFBC}") = "JenkinsProject", "JenkinsProject\JenkinsProject.csproj", "{DC13D343-65BA-4645-8ECE-4B18B54F19FF}"
EndProject
Project("{FAE04EC0-301F-11D3-BF4B-00C04F79EFBC}") = "DB", "DB\DB.csproj", "{74AA34D0-E666-4815-AC79-659DF0DACF17}"
EndProject
Global
	GlobalSection(SolutionConfigurationPlatforms) = preSolution
		Debug|Any CPU = Debug|Any CPU
		Release|Any CPU = Release|Any CPU
	EndGlobalSection
	GlobalSection(ProjectConfigurationPlatforms) = postSolution
		{BC287675-BB87-4AC9-BEA5-7123CDF8A637}.Debug|Any CPU.ActiveCfg = Debug|Any CPU
		{BC287675-BB87-4AC9-BEA5-7123CDF8A637}.Debug|Any CPU.Build.0 = Debug|Any CPU
		{BC287675-BB87-4AC9-BEA5-7123CDF8A637}.Release|Any CPU.ActiveCfg = Release|Any CPU
		{BC287675-BB87-4AC9-BEA5-7123CDF8A637}.Release|Any CPU.Build.0 = Release|Any CPU
		{ABF3B766-108B-4AE6-9F44-0F1A6BDF871C}.Debug|Any CPU.ActiveCfg = Debug|Any CPU
		{ABF3B766-108B-4AE6-9F44-0F1A6BDF871C}.Debug|Any CPU.Build.0 = Debug|Any CPU
		{ABF3B766-108B-4AE6-9F44-0F1A6BDF871C}.Release|Any CPU.ActiveCfg = Release|Any CPU
		{ABF3B766-108B-4AE6-9F44-0F1A6BDF871C}.Release|Any CPU.Build.0 = Release|Any CPU
		{79E090A9-2A3B-4CE3-AAC2-065E073E538A}.Debug|Any CPU.ActiveCfg = Debug|Any CPU
		{79E090A9-2A3B-4CE3-AAC2-065E073E538A}.Debug|Any CPU.Build.0 = Debug|Any CPU
		{79E090A9-2A3B-4CE3-AAC2-065E073E538A}.Release|Any CPU.ActiveCfg = Release|Any CPU
		{79E090A9-2A3B-4CE3-AAC2-065E073E538A}.Release|Any CPU.Build.0 = Release|Any CPU
		{0ED72344-CD0F-4C20-A13E-F4F87BC3B782}.Debug|Any CPU.ActiveCfg = Debug|Any CPU
		{0ED72344-CD0F-4C20-A13E-F4F87BC3B782}.Debug|Any CPU.Build.0 = Debug|Any CPU
		{0ED72344-CD0F-4C20-A13E-F4F87BC3B782}.Release|Any CPU.ActiveCfg = Release|Any CPU
		{0ED72344-CD0F-4C20-A13E-F4F87BC3B782}.Release|Any CPU.Build.0 = Release|Any CPU
		{BA0B8C2E-BBDE-425E-8C0D-9DE91B263638}.Debug|Any CPU.ActiveCfg = Debug|Any CPU
		{BA0B8C2E-BBDE-425E-8C0D-9DE91B263638}.Debug|Any CPU.Build.0 = Debug|Any CPU
		{BA0B8C2E-BBDE-425E-8C0D-9DE91B263638}.Release|Any CPU.ActiveCfg = Release|Any CPU
		{BA0B8C2E-BBDE-425E-8C0D-9DE91B263638}.Release|Any CPU.Build.0 = Release|Any CPU
		{DC13D343-65BA-4645-8ECE-4B18B54F19FF}.Debug|Any CPU.ActiveCfg = Debug|Any CPU
		{DC13D343-65BA-4645-8ECE-4B18B54F19FF}.Debug|Any CPU.Build.0 = Debug|Any CPU
		{DC13D343-65BA-4645-8ECE-4B18B54F19FF}.Release|Any CPU.ActiveCfg = Release|Any CPU
		{DC13D343-65BA-4645-8ECE-4B18B54F19FF}.Release|Any CPU.Build.0 = Release|Any CPU
		{74AA34D0-E666-4815-AC79-659DF0DACF17}.Debug|Any CPU.ActiveCfg = Debug|Any CPU
		{74AA34D0-E666-4815-AC79-659DF0DACF17}.Debug|Any CPU.Build.0 = Debug|Any CPU
		{74AA34D0-E666-4815-AC79-659DF0DACF17}.Release|Any CPU.ActiveCfg = Release|Any CPU
		{74AA34D0-E666-4815-AC79-659DF0DACF17}.Release|Any CPU.Build.0 = Release|Any CPU
	EndGlobalSection
	GlobalSection(SolutionProperties) = preSolution
		HideSolutionNode = FALSE
	EndGlobalSection
	GlobalSection(ExtensibilityGlobals) = postSolution
		SolutionGuid = {0CA07F6B-DBCC-4573-A88F-7C2BDA5EF60F}
	EndGlobalSection
EndGlobal
